// !$*UTF8*$!
{
	archiveVersion = 1;
	classes = {
	};
	objectVersion = 50;
	objects = {

/* Begin PBXBuildFile section */
		C55E600724D85ADE00E61478 /* Pie.swift in Sources */ = {isa = PBXBuildFile; fileRef = C55E600624D85ADE00E61478 /* Pie.swift */; };
		C55E600924D866A900E61478 /* Cardify.swift in Sources */ = {isa = PBXBuildFile; fileRef = C55E600824D866A900E61478 /* Cardify.swift */; };
		C55E600B24D8680700E61478 /* View+Extensions.swift in Sources */ = {isa = PBXBuildFile; fileRef = C55E600A24D8680700E61478 /* View+Extensions.swift */; };
		C580FCA124D1C19400DDA5D4 /* Grid.swift in Sources */ = {isa = PBXBuildFile; fileRef = C580FCA024D1C19400DDA5D4 /* Grid.swift */; };
		C580FCA324D1C6BD00DDA5D4 /* GridLayout.swift in Sources */ = {isa = PBXBuildFile; fileRef = C580FCA224D1C6BD00DDA5D4 /* GridLayout.swift */; };
		C58DC0BE24D1CAD300283DB5 /* Array+Extensions.swift in Sources */ = {isa = PBXBuildFile; fileRef = C58DC0BD24D1CAD300283DB5 /* Array+Extensions.swift */; };
		C5B171DC24CF5CF00096D42A /* AppDelegate.swift in Sources */ = {isa = PBXBuildFile; fileRef = C5B171DB24CF5CF00096D42A /* AppDelegate.swift */; };
		C5B171DE24CF5CF00096D42A /* SceneDelegate.swift in Sources */ = {isa = PBXBuildFile; fileRef = C5B171DD24CF5CF00096D42A /* SceneDelegate.swift */; };
		C5B171E024CF5CF00096D42A /* EmojiMemoryGameView.swift in Sources */ = {isa = PBXBuildFile; fileRef = C5B171DF24CF5CF00096D42A /* EmojiMemoryGameView.swift */; };
		C5B171E224CF5CF30096D42A /* Assets.xcassets in Resources */ = {isa = PBXBuildFile; fileRef = C5B171E124CF5CF30096D42A /* Assets.xcassets */; };
		C5B171E524CF5CF30096D42A /* Preview Assets.xcassets in Resources */ = {isa = PBXBuildFile; fileRef = C5B171E424CF5CF30096D42A /* Preview Assets.xcassets */; };
		C5B171E824CF5CF30096D42A /* LaunchScreen.storyboard in Resources */ = {isa = PBXBuildFile; fileRef = C5B171E624CF5CF30096D42A /* LaunchScreen.storyboard */; };
		C5B171F024CF74E00096D42A /* MemoryGame.swift in Sources */ = {isa = PBXBuildFile; fileRef = C5B171EF24CF74E00096D42A /* MemoryGame.swift */; };
		C5B171F224CF76D70096D42A /* EmojiMemoryGame.swift in Sources */ = {isa = PBXBuildFile; fileRef = C5B171F124CF76D70096D42A /* EmojiMemoryGame.swift */; };
/* End PBXBuildFile section */

/* Begin PBXFileReference section */
		C55E600624D85ADE00E61478 /* Pie.swift */ = {isa = PBXFileReference; lastKnownFileType = sourcecode.swift; path = Pie.swift; sourceTree = "<group>"; };
		C55E600824D866A900E61478 /* Cardify.swift */ = {isa = PBXFileReference; lastKnownFileType = sourcecode.swift; path = Cardify.swift; sourceTree = "<group>"; };
		C55E600A24D8680700E61478 /* View+Extensions.swift */ = {isa = PBXFileReference; lastKnownFileType = sourcecode.swift; path = "View+Extensions.swift"; sourceTree = "<group>"; };
		C580FCA024D1C19400DDA5D4 /* Grid.swift */ = {isa = PBXFileReference; lastKnownFileType = sourcecode.swift; path = Grid.swift; sourceTree = "<group>"; };
		C580FCA224D1C6BD00DDA5D4 /* GridLayout.swift */ = {isa = PBXFileReference; fileEncoding = 4; lastKnownFileType = sourcecode.swift; path = GridLayout.swift; sourceTree = "<group>"; };
		C58DC0BD24D1CAD300283DB5 /* Array+Extensions.swift */ = {isa = PBXFileReference; lastKnownFileType = sourcecode.swift; path = "Array+Extensions.swift"; sourceTree = "<group>"; };
		C5B171D824CF5CF00096D42A /* Memorize.app */ = {isa = PBXFileReference; explicitFileType = wrapper.application; includeInIndex = 0; path = Memorize.app; sourceTree = BUILT_PRODUCTS_DIR; };
		C5B171DB24CF5CF00096D42A /* AppDelegate.swift */ = {isa = PBXFileReference; lastKnownFileType = sourcecode.swift; path = AppDelegate.swift; sourceTree = "<group>"; };
		C5B171DD24CF5CF00096D42A /* SceneDelegate.swift */ = {isa = PBXFileReference; lastKnownFileType = sourcecode.swift; path = SceneDelegate.swift; sourceTree = "<group>"; };
		C5B171DF24CF5CF00096D42A /* EmojiMemoryGameView.swift */ = {isa = PBXFileReference; lastKnownFileType = sourcecode.swift; path = EmojiMemoryGameView.swift; sourceTree = "<group>"; };
		C5B171E124CF5CF30096D42A /* Assets.xcassets */ = {isa = PBXFileReference; lastKnownFileType = folder.assetcatalog; path = Assets.xcassets; sourceTree = "<group>"; };
		C5B171E424CF5CF30096D42A /* Preview Assets.xcassets */ = {isa = PBXFileReference; lastKnownFileType = folder.assetcatalog; path = "Preview Assets.xcassets"; sourceTree = "<group>"; };
		C5B171E724CF5CF30096D42A /* Base */ = {isa = PBXFileReference; lastKnownFileType = file.storyboard; name = Base; path = Base.lproj/LaunchScreen.storyboard; sourceTree = "<group>"; };
		C5B171E924CF5CF30096D42A /* Info.plist */ = {isa = PBXFileReference; lastKnownFileType = text.plist.xml; path = Info.plist; sourceTree = "<group>"; };
		C5B171EF24CF74E00096D42A /* MemoryGame.swift */ = {isa = PBXFileReference; lastKnownFileType = sourcecode.swift; path = MemoryGame.swift; sourceTree = "<group>"; };
		C5B171F124CF76D70096D42A /* EmojiMemoryGame.swift */ = {isa = PBXFileReference; lastKnownFileType = sourcecode.swift; path = EmojiMemoryGame.swift; sourceTree = "<group>"; };
/* End PBXFileReference section */

/* Begin PBXFrameworksBuildPhase section */
		C5B171D524CF5CF00096D42A /* Frameworks */ = {
			isa = PBXFrameworksBuildPhase;
			buildActionMask = 2147483647;
			files = (
			);
			runOnlyForDeploymentPostprocessing = 0;
		};
/* End PBXFrameworksBuildPhase section */

/* Begin PBXGroup section */
		C580FCA424D1C81400DDA5D4 /* Components */ = {
			isa = PBXGroup;
			children = (
				C55E600824D866A900E61478 /* Cardify.swift */,
				C580FCA224D1C6BD00DDA5D4 /* GridLayout.swift */,
				C580FCA024D1C19400DDA5D4 /* Grid.swift */,
			);
			path = Components;
			sourceTree = "<group>";
		};
		C5AC46E524D47FE0007F81FC /* Extensions */ = {
			isa = PBXGroup;
			children = (
				C58DC0BD24D1CAD300283DB5 /* Array+Extensions.swift */,
				C55E600A24D8680700E61478 /* View+Extensions.swift */,
			);
			path = Extensions;
			sourceTree = "<group>";
		};
		C5B171CF24CF5CF00096D42A = {
			isa = PBXGroup;
			children = (
				C5B171DA24CF5CF00096D42A /* Memorize */,
				C5B171D924CF5CF00096D42A /* Products */,
			);
			sourceTree = "<group>";
		};
		C5B171D924CF5CF00096D42A /* Products */ = {
			isa = PBXGroup;
			children = (
				C5B171D824CF5CF00096D42A /* Memorize.app */,
			);
			name = Products;
			sourceTree = "<group>";
		};
		C5B171DA24CF5CF00096D42A /* Memorize */ = {
			isa = PBXGroup;
			children = (
				C5AC46E524D47FE0007F81FC /* Extensions */,
				C580FCA424D1C81400DDA5D4 /* Components */,
				C5B171F324D0466C0096D42A /* Models */,
				C5B171F424D047400096D42A /* Views */,
				C5B171F524D047750096D42A /* ViewModels */,
				C5B171DB24CF5CF00096D42A /* AppDelegate.swift */,
				C5B171DD24CF5CF00096D42A /* SceneDelegate.swift */,
				C5B171E124CF5CF30096D42A /* Assets.xcassets */,
				C5B171E624CF5CF30096D42A /* LaunchScreen.storyboard */,
				C5B171E924CF5CF30096D42A /* Info.plist */,
				C5B171E324CF5CF30096D42A /* Preview Content */,
			);
			path = Memorize;
			sourceTree = "<group>";
		};
		C5B171E324CF5CF30096D42A /* Preview Content */ = {
			isa = PBXGroup;
			children = (
				C5B171E424CF5CF30096D42A /* Preview Assets.xcassets */,
			);
			path = "Preview Content";
			sourceTree = "<group>";
		};
		C5B171F324D0466C0096D42A /* Models */ = {
			isa = PBXGroup;
			children = (
				C5B171EF24CF74E00096D42A /* MemoryGame.swift */,
			);
			path = Models;
			sourceTree = "<group>";
		};
		C5B171F424D047400096D42A /* Views */ = {
			isa = PBXGroup;
			children = (
				C5B171DF24CF5CF00096D42A /* EmojiMemoryGameView.swift */,
				C55E600624D85ADE00E61478 /* Pie.swift */,
			);
			path = Views;
			sourceTree = "<group>";
		};
		C5B171F524D047750096D42A /* ViewModels */ = {
			isa = PBXGroup;
			children = (
				C5B171F124CF76D70096D42A /* EmojiMemoryGame.swift */,
			);
			path = ViewModels;
			sourceTree = "<group>";
		};
/* End PBXGroup section */

/* Begin PBXNativeTarget section */
		C5B171D724CF5CF00096D42A /* Memorize */ = {
			isa = PBXNativeTarget;
			buildConfigurationList = C5B171EC24CF5CF30096D42A /* Build configuration list for PBXNativeTarget "Memorize" */;
			buildPhases = (
				C5B171D424CF5CF00096D42A /* Sources */,
				C5B171D524CF5CF00096D42A /* Frameworks */,
				C5B171D624CF5CF00096D42A /* Resources */,
			);
			buildRules = (
			);
			dependencies = (
			);
			name = Memorize;
			productName = Memorize;
			productReference = C5B171D824CF5CF00096D42A /* Memorize.app */;
			productType = "com.apple.product-type.application";
		};
/* End PBXNativeTarget section */

/* Begin PBXProject section */
		C5B171D024CF5CF00096D42A /* Project object */ = {
			isa = PBXProject;
			attributes = {
				LastSwiftUpdateCheck = 1160;
				LastUpgradeCheck = 1160;
				ORGANIZATIONNAME = "Santa Rosa Digital";
				TargetAttributes = {
					C5B171D724CF5CF00096D42A = {
						CreatedOnToolsVersion = 11.6;
					};
				};
			};
			buildConfigurationList = C5B171D324CF5CF00096D42A /* Build configuration list for PBXProject "Memorize" */;
			compatibilityVersion = "Xcode 9.3";
			developmentRegion = en;
			hasScannedForEncodings = 0;
			knownRegions = (
				en,
				Base,
			);
			mainGroup = C5B171CF24CF5CF00096D42A;
			productRefGroup = C5B171D924CF5CF00096D42A /* Products */;
			projectDirPath = "";
			projectRoot = "";
			targets = (
				C5B171D724CF5CF00096D42A /* Memorize */,
			);
		};
/* End PBXProject section */

/* Begin PBXResourcesBuildPhase section */
		C5B171D624CF5CF00096D42A /* Resources */ = {
			isa = PBXResourcesBuildPhase;
			buildActionMask = 2147483647;
			files = (
				C5B171E824CF5CF30096D42A /* LaunchScreen.storyboard in Resources */,
				C5B171E524CF5CF30096D42A /* Preview Assets.xcassets in Resources */,
				C5B171E224CF5CF30096D42A /* Assets.xcassets in Resources */,
			);
			runOnlyForDeploymentPostprocessing = 0;
		};
/* End PBXResourcesBuildPhase section */

/* Begin PBXSourcesBuildPhase section */
		C5B171D424CF5CF00096D42A /* Sources */ = {
			isa = PBXSourcesBuildPhase;
			buildActionMask = 2147483647;
			files = (
				C5B171DC24CF5CF00096D42A /* AppDelegate.swift in Sources */,
				C5B171DE24CF5CF00096D42A /* SceneDelegate.swift in Sources */,
				C55E600B24D8680700E61478 /* View+Extensions.swift in Sources */,
				C5B171F024CF74E00096D42A /* MemoryGame.swift in Sources */,
				C55E600724D85ADE00E61478 /* Pie.swift in Sources */,
				C58DC0BE24D1CAD300283DB5 /* Array+Extensions.swift in Sources */,
				C5B171E024CF5CF00096D42A /* EmojiMemoryGameView.swift in Sources */,
				C5B171F224CF76D70096D42A /* EmojiMemoryGame.swift in Sources */,
				C580FCA324D1C6BD00DDA5D4 /* GridLayout.swift in Sources */,
				C55E600924D866A900E61478 /* Cardify.swift in Sources */,
				C580FCA124D1C19400DDA5D4 /* Grid.swift in Sources */,
			);
			runOnlyForDeploymentPostprocessing = 0;
		};
/* End PBXSourcesBuildPhase section */

/* Begin PBXVariantGroup section */
		C5B171E624CF5CF30096D42A /* LaunchScreen.storyboard */ = {
			isa = PBXVariantGroup;
			children = (
				C5B171E724CF5CF30096D42A /* Base */,
			);
			name = LaunchScreen.storyboard;
			sourceTree = "<group>";
		};
/* End PBXVariantGroup section */

/* Begin XCBuildConfiguration section */
		C5B171EA24CF5CF30096D42A /* Debug */ = {
			isa = XCBuildConfiguration;
			buildSettings = {
				ALWAYS_SEARCH_USER_PATHS = NO;
				CLANG_ANALYZER_NONNULL = YES;
				CLANG_ANALYZER_NUMBER_OBJECT_CONVERSION = YES_AGGRESSIVE;
				CLANG_CXX_LANGUAGE_STANDARD = "gnu++14";
				CLANG_CXX_LIBRARY = "libc++";
				CLANG_ENABLE_MODULES = YES;
				CLANG_ENABLE_OBJC_ARC = YES;
				CLANG_ENABLE_OBJC_WEAK = YES;
				CLANG_WARN_BLOCK_CAPTURE_AUTORELEASING = YES;
				CLANG_WARN_BOOL_CONVERSION = YES;
				CLANG_WARN_COMMA = YES;
				CLANG_WARN_CONSTANT_CONVERSION = YES;
				CLANG_WARN_DEPRECATED_OBJC_IMPLEMENTATIONS = YES;
				CLANG_WARN_DIRECT_OBJC_ISA_USAGE = YES_ERROR;
				CLANG_WARN_DOCUMENTATION_COMMENTS = YES;
				CLANG_WARN_EMPTY_BODY = YES;
				CLANG_WARN_ENUM_CONVERSION = YES;
				CLANG_WARN_INFINITE_RECURSION = YES;
				CLANG_WARN_INT_CONVERSION = YES;
				CLANG_WARN_NON_LITERAL_NULL_CONVERSION = YES;
				CLANG_WARN_OBJC_IMPLICIT_RETAIN_SELF = YES;
				CLANG_WARN_OBJC_LITERAL_CONVERSION = YES;
				CLANG_WARN_OBJC_ROOT_CLASS = YES_ERROR;
				CLANG_WARN_RANGE_LOOP_ANALYSIS = YES;
				CLANG_WARN_STRICT_PROTOTYPES = YES;
				CLANG_WARN_SUSPICIOUS_MOVE = YES;
				CLANG_WARN_UNGUARDED_AVAILABILITY = YES_AGGRESSIVE;
				CLANG_WARN_UNREACHABLE_CODE = YES;
				CLANG_WARN__DUPLICATE_METHOD_MATCH = YES;
				COPY_PHASE_STRIP = NO;
				DEBUG_INFORMATION_FORMAT = dwarf;
				ENABLE_STRICT_OBJC_MSGSEND = YES;
				ENABLE_TESTABILITY = YES;
				GCC_C_LANGUAGE_STANDARD = gnu11;
				GCC_DYNAMIC_NO_PIC = NO;
				GCC_NO_COMMON_BLOCKS = YES;
				GCC_OPTIMIZATION_LEVEL = 0;
				GCC_PREPROCESSOR_DEFINITIONS = (
					"DEBUG=1",
					"$(inherited)",
				);
				GCC_WARN_64_TO_32_BIT_CONVERSION = YES;
				GCC_WARN_ABOUT_RETURN_TYPE = YES_ERROR;
				GCC_WARN_UNDECLARED_SELECTOR = YES;
				GCC_WARN_UNINITIALIZED_AUTOS = YES_AGGRESSIVE;
				GCC_WARN_UNUSED_FUNCTION = YES;
				GCC_WARN_UNUSED_VARIABLE = YES;
				IPHONEOS_DEPLOYMENT_TARGET = 13.6;
				MTL_ENABLE_DEBUG_INFO = INCLUDE_SOURCE;
				MTL_FAST_MATH = YES;
				ONLY_ACTIVE_ARCH = YES;
				SDKROOT = iphoneos;
				SWIFT_ACTIVE_COMPILATION_CONDITIONS = DEBUG;
				SWIFT_OPTIMIZATION_LEVEL = "-Onone";
			};
			name = Debug;
		};
		C5B171EB24CF5CF30096D42A /* Release */ = {
			isa = XCBuildConfiguration;
			buildSettings = {
				ALWAYS_SEARCH_USER_PATHS = NO;
				CLANG_ANALYZER_NONNULL = YES;
				CLANG_ANALYZER_NUMBER_OBJECT_CONVERSION = YES_AGGRESSIVE;
				CLANG_CXX_LANGUAGE_STANDARD = "gnu++14";
				CLANG_CXX_LIBRARY = "libc++";
				CLANG_ENABLE_MODULES = YES;
				CLANG_ENABLE_OBJC_ARC = YES;
				CLANG_ENABLE_OBJC_WEAK = YES;
				CLANG_WARN_BLOCK_CAPTURE_AUTORELEASING = YES;
				CLANG_WARN_BOOL_CONVERSION = YES;
				CLANG_WARN_COMMA = YES;
				CLANG_WARN_CONSTANT_CONVERSION = YES;
				CLANG_WARN_DEPRECATED_OBJC_IMPLEMENTATIONS = YES;
				CLANG_WARN_DIRECT_OBJC_ISA_USAGE = YES_ERROR;
				CLANG_WARN_DOCUMENTATION_COMMENTS = YES;
				CLANG_WARN_EMPTY_BODY = YES;
				CLANG_WARN_ENUM_CONVERSION = YES;
				CLANG_WARN_INFINITE_RECURSION = YES;
				CLANG_WARN_INT_CONVERSION = YES;
				CLANG_WARN_NON_LITERAL_NULL_CONVERSION = YES;
				CLANG_WARN_OBJC_IMPLICIT_RETAIN_SELF = YES;
				CLANG_WARN_OBJC_LITERAL_CONVERSION = YES;
				CLANG_WARN_OBJC_ROOT_CLASS = YES_ERROR;
				CLANG_WARN_RANGE_LOOP_ANALYSIS = YES;
				CLANG_WARN_STRICT_PROTOTYPES = YES;
				CLANG_WARN_SUSPICIOUS_MOVE = YES;
				CLANG_WARN_UNGUARDED_AVAILABILITY = YES_AGGRESSIVE;
				CLANG_WARN_UNREACHABLE_CODE = YES;
				CLANG_WARN__DUPLICATE_METHOD_MATCH = YES;
				COPY_PHASE_STRIP = NO;
				DEBUG_INFORMATION_FORMAT = "dwarf-with-dsym";
				ENABLE_NS_ASSERTIONS = NO;
				ENABLE_STRICT_OBJC_MSGSEND = YES;
				GCC_C_LANGUAGE_STANDARD = gnu11;
				GCC_NO_COMMON_BLOCKS = YES;
				GCC_WARN_64_TO_32_BIT_CONVERSION = YES;
				GCC_WARN_ABOUT_RETURN_TYPE = YES_ERROR;
				GCC_WARN_UNDECLARED_SELECTOR = YES;
				GCC_WARN_UNINITIALIZED_AUTOS = YES_AGGRESSIVE;
				GCC_WARN_UNUSED_FUNCTION = YES;
				GCC_WARN_UNUSED_VARIABLE = YES;
				IPHONEOS_DEPLOYMENT_TARGET = 13.6;
				MTL_ENABLE_DEBUG_INFO = NO;
				MTL_FAST_MATH = YES;
				SDKROOT = iphoneos;
				SWIFT_COMPILATION_MODE = wholemodule;
				SWIFT_OPTIMIZATION_LEVEL = "-O";
				VALIDATE_PRODUCT = YES;
			};
			name = Release;
		};
		C5B171ED24CF5CF30096D42A /* Debug */ = {
			isa = XCBuildConfiguration;
			buildSettings = {
				ASSETCATALOG_COMPILER_APPICON_NAME = AppIcon;
				CODE_SIGN_IDENTITY = "Apple Development";
				CODE_SIGN_STYLE = Manual;
				DEVELOPMENT_ASSET_PATHS = "\"Memorize/Preview Content\"";
				DEVELOPMENT_TEAM = "";
				ENABLE_PREVIEWS = YES;
				INFOPLIST_FILE = Memorize/Info.plist;
				LD_RUNPATH_SEARCH_PATHS = (
					"$(inherited)",
					"@executable_path/Frameworks",
				);
				PRODUCT_BUNDLE_IDENTIFIER = br.com.santarosadigital.Memorize;
				PRODUCT_NAME = "$(TARGET_NAME)";
				PROVISIONING_PROFILE_SPECIFIER = "";
				SWIFT_VERSION = 5.0;
				TARGETED_DEVICE_FAMILY = "1,2";
			};
			name = Debug;
		};
		C5B171EE24CF5CF30096D42A /* Release */ = {
			isa = XCBuildConfiguration;
			buildSettings = {
				ASSETCATALOG_COMPILER_APPICON_NAME = AppIcon;
				CODE_SIGN_IDENTITY = "Apple Development";
				CODE_SIGN_STYLE = Manual;
				DEVELOPMENT_ASSET_PATHS = "\"Memorize/Preview Content\"";
				DEVELOPMENT_TEAM = "";
				ENABLE_PREVIEWS = YES;
				INFOPLIST_FILE = Memorize/Info.plist;
				LD_RUNPATH_SEARCH_PATHS = (
					"$(inherited)",
					"@executable_path/Frameworks",
				);
				PRODUCT_BUNDLE_IDENTIFIER = br.com.santarosadigital.Memorize;
				PRODUCT_NAME = "$(TARGET_NAME)";
				PROVISIONING_PROFILE_SPECIFIER = "";
				SWIFT_VERSION = 5.0;
				TARGETED_DEVICE_FAMILY = "1,2";
			};
			name = Release;
		};
/* End XCBuildConfiguration section */

/* Begin XCConfigurationList section */
		C5B171D324CF5CF00096D42A /* Build configuration list for PBXProject "Memorize" */ = {
			isa = XCConfigurationList;
			buildConfigurations = (
				C5B171EA24CF5CF30096D42A /* Debug */,
				C5B171EB24CF5CF30096D42A /* Release */,
			);
			defaultConfigurationIsVisible = 0;
			defaultConfigurationName = Release;
		};
		C5B171EC24CF5CF30096D42A /* Build configuration list for PBXNativeTarget "Memorize" */ = {
			isa = XCConfigurationList;
			buildConfigurations = (
				C5B171ED24CF5CF30096D42A /* Debug */,
				C5B171EE24CF5CF30096D42A /* Release */,
			);
			defaultConfigurationIsVisible = 0;
			defaultConfigurationName = Release;
		};
/* End XCConfigurationList section */
	};
	rootObject = C5B171D024CF5CF00096D42A /* Project object */;
}
